
Microsoft Visual Studio Solution File, Format Version 12.00
# Visual Studio Version 17
VisualStudioVersion = 17.6.33723.286
MinimumVisualStudioVersion = 10.0.40219.1
Project("{FAE04EC0-301F-11D3-BF4B-00C04F79EFBC}") = "Vleko.Result", "Vleko.Result.csproj", "{7FEA84E1-E46B-4CEF-A8D2-7FACDE7EC873}"
EndProject
Global
	GlobalSection(SolutionConfigurationPlatforms) = preSolution
		Debug|Any CPU = Debug|Any CPU
		Release|Any CPU = Release|Any CPU
	EndGlobalSection
	GlobalSection(ProjectConfigurationPlatforms) = postSolution
		{7FEA84E1-E46B-4CEF-A8D2-7FACDE7EC873}.Debug|Any CPU.ActiveCfg = Debug|Any CPU
		{7FEA84E1-E46B-4CEF-A8D2-7FACDE7EC873}.Debug|Any CPU.Build.0 = Debug|Any CPU
		{7FEA84E1-E46B-4CEF-A8D2-7FACDE7EC873}.Release|Any CPU.ActiveCfg = Release|Any CPU
		{7FEA84E1-E46B-4CEF-A8D2-7FACDE7EC873}.Release|Any CPU.Build.0 = Release|Any CPU
	EndGlobalSection
	GlobalSection(SolutionProperties) = preSolution
		HideSolutionNode = FALSE
	EndGlobalSection
	GlobalSection(ExtensibilityGlobals) = postSolution
		SolutionGuid = {F0BBA026-B770-4C1A-A6E3-F826EC37EB21}
	EndGlobalSection
EndGlobal
